// !$*UTF8*$!
{
	archiveVersion = 1;
	classes = {
	};
	objectVersion = 56;
	objects = {

/* Begin PBXBuildFile section */
		0711C3E529F94FCB0099BD79 /* CSTVMatchesServiceLive in Frameworks */ = {isa = PBXBuildFile; productRef = 0711C3E429F94FCB0099BD79 /* CSTVMatchesServiceLive */; };
		074AB33929F951B4008288B3 /* MatchesListFeature in Frameworks */ = {isa = PBXBuildFile; productRef = 074AB33829F951B4008288B3 /* MatchesListFeature */; };
		074AB33B29F951B8008288B3 /* CSTVMatchesService in Frameworks */ = {isa = PBXBuildFile; productRef = 074AB33A29F951B8008288B3 /* CSTVMatchesService */; };
		07645E5629FC0A6100315B88 /* ContentView.swift in Sources */ = {isa = PBXBuildFile; fileRef = 07645E5529FC0A6100315B88 /* ContentView.swift */; };
		07645E6B29FC83AD00315B88 /* Roboto-Medium.ttf in Resources */ = {isa = PBXBuildFile; fileRef = 07645E5929FC83AD00315B88 /* Roboto-Medium.ttf */; };
		07645E6C29FC83AD00315B88 /* Roboto-Light.ttf in Resources */ = {isa = PBXBuildFile; fileRef = 07645E5A29FC83AD00315B88 /* Roboto-Light.ttf */; };
		07645E6D29FC83AD00315B88 /* Roboto-Regular.ttf in Resources */ = {isa = PBXBuildFile; fileRef = 07645E5B29FC83AD00315B88 /* Roboto-Regular.ttf */; };
		07645E6E29FC83AD00315B88 /* Roboto-MediumItalic.ttf in Resources */ = {isa = PBXBuildFile; fileRef = 07645E5C29FC83AD00315B88 /* Roboto-MediumItalic.ttf */; };
		07645E6F29FC83AD00315B88 /* Roboto-BoldCondensed.ttf in Resources */ = {isa = PBXBuildFile; fileRef = 07645E5D29FC83AD00315B88 /* Roboto-BoldCondensed.ttf */; };
		07645E7029FC83AD00315B88 /* Roboto-BoldCondensedItalic.ttf in Resources */ = {isa = PBXBuildFile; fileRef = 07645E5E29FC83AD00315B88 /* Roboto-BoldCondensedItalic.ttf */; };
		07645E7129FC83AD00315B88 /* Roboto-Condensed.ttf in Resources */ = {isa = PBXBuildFile; fileRef = 07645E5F29FC83AD00315B88 /* Roboto-Condensed.ttf */; };
		07645E7229FC83AD00315B88 /* Roboto_Specimen_Book.pdf in Resources */ = {isa = PBXBuildFile; fileRef = 07645E6029FC83AD00315B88 /* Roboto_Specimen_Book.pdf */; };
		07645E7329FC83AD00315B88 /* NOTICE.txt in Resources */ = {isa = PBXBuildFile; fileRef = 07645E6129FC83AD00315B88 /* NOTICE.txt */; };
		07645E7429FC83AD00315B88 /* Roboto-ThinItalic.ttf in Resources */ = {isa = PBXBuildFile; fileRef = 07645E6229FC83AD00315B88 /* Roboto-ThinItalic.ttf */; };
		07645E7529FC83AD00315B88 /* Roboto-BoldItalic.ttf in Resources */ = {isa = PBXBuildFile; fileRef = 07645E6329FC83AD00315B88 /* Roboto-BoldItalic.ttf */; };
		07645E7629FC83AD00315B88 /* Roboto-LightItalic.ttf in Resources */ = {isa = PBXBuildFile; fileRef = 07645E6429FC83AD00315B88 /* Roboto-LightItalic.ttf */; };
		07645E7729FC83AD00315B88 /* Roboto-CondensedItalic.ttf in Resources */ = {isa = PBXBuildFile; fileRef = 07645E6529FC83AD00315B88 /* Roboto-CondensedItalic.ttf */; };
		07645E7829FC83AD00315B88 /* Roboto-Italic.ttf in Resources */ = {isa = PBXBuildFile; fileRef = 07645E6629FC83AD00315B88 /* Roboto-Italic.ttf */; };
		07645E7929FC83AD00315B88 /* Roboto-BlackItalic.ttf in Resources */ = {isa = PBXBuildFile; fileRef = 07645E6729FC83AD00315B88 /* Roboto-BlackItalic.ttf */; };
		07645E7A29FC83AD00315B88 /* Roboto-Bold.ttf in Resources */ = {isa = PBXBuildFile; fileRef = 07645E6829FC83AD00315B88 /* Roboto-Bold.ttf */; };
		07645E7B29FC83AD00315B88 /* Roboto-Thin.ttf in Resources */ = {isa = PBXBuildFile; fileRef = 07645E6929FC83AD00315B88 /* Roboto-Thin.ttf */; };
		07645E7C29FC83AD00315B88 /* Roboto-Black.ttf in Resources */ = {isa = PBXBuildFile; fileRef = 07645E6A29FC83AD00315B88 /* Roboto-Black.ttf */; };
		07DECCDA29F6EF9B0023708B /* CSTVApp.swift in Sources */ = {isa = PBXBuildFile; fileRef = 07DECCD929F6EF9B0023708B /* CSTVApp.swift */; };
		07DECCDE29F6EF9E0023708B /* Assets.xcassets in Resources */ = {isa = PBXBuildFile; fileRef = 07DECCDD29F6EF9E0023708B /* Assets.xcassets */; };
		07DECCE129F6EF9E0023708B /* Preview Assets.xcassets in Resources */ = {isa = PBXBuildFile; fileRef = 07DECCE029F6EF9E0023708B /* Preview Assets.xcassets */; };
		07DECCEB29F6EF9E0023708B /* CSGO_LiveMatchesTests.swift in Sources */ = {isa = PBXBuildFile; fileRef = 07DECCEA29F6EF9E0023708B /* CSGO_LiveMatchesTests.swift */; };
/* End PBXBuildFile section */

/* Begin PBXContainerItemProxy section */
		07DECCE729F6EF9E0023708B /* PBXContainerItemProxy */ = {
			isa = PBXContainerItemProxy;
			containerPortal = 07DECCCE29F6EF9B0023708B /* Project object */;
			proxyType = 1;
			remoteGlobalIDString = 07DECCD529F6EF9B0023708B;
			remoteInfo = "CSGO-LiveMatches";
		};
/* End PBXContainerItemProxy section */

/* Begin PBXFileReference section */
		0712CFCC29FA5E420081D05C /* Info.plist */ = {isa = PBXFileReference; fileEncoding = 4; lastKnownFileType = text.plist.xml; path = Info.plist; sourceTree = "<group>"; };
		0747A84129F94F730098D84B /* CSTVMatchesServiceLive */ = {isa = PBXFileReference; lastKnownFileType = folder; name = CSTVMatchesServiceLive; path = Modules/Sources/CSTVMatchesServiceLive; sourceTree = "<group>"; };
		07645E5529FC0A6100315B88 /* ContentView.swift */ = {isa = PBXFileReference; fileEncoding = 4; lastKnownFileType = sourcecode.swift; path = ContentView.swift; sourceTree = "<group>"; };
		07645E5929FC83AD00315B88 /* Roboto-Medium.ttf */ = {isa = PBXFileReference; lastKnownFileType = file; path = "Roboto-Medium.ttf"; sourceTree = "<group>"; };
		07645E5A29FC83AD00315B88 /* Roboto-Light.ttf */ = {isa = PBXFileReference; lastKnownFileType = file; path = "Roboto-Light.ttf"; sourceTree = "<group>"; };
		07645E5B29FC83AD00315B88 /* Roboto-Regular.ttf */ = {isa = PBXFileReference; lastKnownFileType = file; path = "Roboto-Regular.ttf"; sourceTree = "<group>"; };
		07645E5C29FC83AD00315B88 /* Roboto-MediumItalic.ttf */ = {isa = PBXFileReference; lastKnownFileType = file; path = "Roboto-MediumItalic.ttf"; sourceTree = "<group>"; };
		07645E5D29FC83AD00315B88 /* Roboto-BoldCondensed.ttf */ = {isa = PBXFileReference; lastKnownFileType = file; path = "Roboto-BoldCondensed.ttf"; sourceTree = "<group>"; };
		07645E5E29FC83AD00315B88 /* Roboto-BoldCondensedItalic.ttf */ = {isa = PBXFileReference; lastKnownFileType = file; path = "Roboto-BoldCondensedItalic.ttf"; sourceTree = "<group>"; };
		07645E5F29FC83AD00315B88 /* Roboto-Condensed.ttf */ = {isa = PBXFileReference; lastKnownFileType = file; path = "Roboto-Condensed.ttf"; sourceTree = "<group>"; };
		07645E6029FC83AD00315B88 /* Roboto_Specimen_Book.pdf */ = {isa = PBXFileReference; lastKnownFileType = image.pdf; path = Roboto_Specimen_Book.pdf; sourceTree = "<group>"; };
		07645E6129FC83AD00315B88 /* NOTICE.txt */ = {isa = PBXFileReference; fileEncoding = 4; lastKnownFileType = text; path = NOTICE.txt; sourceTree = "<group>"; };
		07645E6229FC83AD00315B88 /* Roboto-ThinItalic.ttf */ = {isa = PBXFileReference; lastKnownFileType = file; path = "Roboto-ThinItalic.ttf"; sourceTree = "<group>"; };
		07645E6329FC83AD00315B88 /* Roboto-BoldItalic.ttf */ = {isa = PBXFileReference; lastKnownFileType = file; path = "Roboto-BoldItalic.ttf"; sourceTree = "<group>"; };
		07645E6429FC83AD00315B88 /* Roboto-LightItalic.ttf */ = {isa = PBXFileReference; lastKnownFileType = file; path = "Roboto-LightItalic.ttf"; sourceTree = "<group>"; };
		07645E6529FC83AD00315B88 /* Roboto-CondensedItalic.ttf */ = {isa = PBXFileReference; lastKnownFileType = file; path = "Roboto-CondensedItalic.ttf"; sourceTree = "<group>"; };
		07645E6629FC83AD00315B88 /* Roboto-Italic.ttf */ = {isa = PBXFileReference; lastKnownFileType = file; path = "Roboto-Italic.ttf"; sourceTree = "<group>"; };
		07645E6729FC83AD00315B88 /* Roboto-BlackItalic.ttf */ = {isa = PBXFileReference; lastKnownFileType = file; path = "Roboto-BlackItalic.ttf"; sourceTree = "<group>"; };
		07645E6829FC83AD00315B88 /* Roboto-Bold.ttf */ = {isa = PBXFileReference; lastKnownFileType = file; path = "Roboto-Bold.ttf"; sourceTree = "<group>"; };
		07645E6929FC83AD00315B88 /* Roboto-Thin.ttf */ = {isa = PBXFileReference; lastKnownFileType = file; path = "Roboto-Thin.ttf"; sourceTree = "<group>"; };
		07645E6A29FC83AD00315B88 /* Roboto-Black.ttf */ = {isa = PBXFileReference; lastKnownFileType = file; path = "Roboto-Black.ttf"; sourceTree = "<group>"; };
		07DECCD629F6EF9B0023708B /* CSTV.app */ = {isa = PBXFileReference; explicitFileType = wrapper.application; includeInIndex = 0; path = CSTV.app; sourceTree = BUILT_PRODUCTS_DIR; };
		07DECCD929F6EF9B0023708B /* CSTVApp.swift */ = {isa = PBXFileReference; lastKnownFileType = sourcecode.swift; path = CSTVApp.swift; sourceTree = "<group>"; };
		07DECCDD29F6EF9E0023708B /* Assets.xcassets */ = {isa = PBXFileReference; lastKnownFileType = folder.assetcatalog; path = Assets.xcassets; sourceTree = "<group>"; };
		07DECCE029F6EF9E0023708B /* Preview Assets.xcassets */ = {isa = PBXFileReference; lastKnownFileType = folder.assetcatalog; path = "Preview Assets.xcassets"; sourceTree = "<group>"; };
		07DECCE629F6EF9E0023708B /* CSTVTests.xctest */ = {isa = PBXFileReference; explicitFileType = wrapper.cfbundle; includeInIndex = 0; path = CSTVTests.xctest; sourceTree = BUILT_PRODUCTS_DIR; };
		07DECCEA29F6EF9E0023708B /* CSGO_LiveMatchesTests.swift */ = {isa = PBXFileReference; lastKnownFileType = sourcecode.swift; path = CSGO_LiveMatchesTests.swift; sourceTree = "<group>"; };
/* End PBXFileReference section */

/* Begin PBXFrameworksBuildPhase section */
		07DECCD329F6EF9B0023708B /* Frameworks */ = {
			isa = PBXFrameworksBuildPhase;
			buildActionMask = 2147483647;
			files = (
				0711C3E529F94FCB0099BD79 /* CSTVMatchesServiceLive in Frameworks */,
				074AB33929F951B4008288B3 /* MatchesListFeature in Frameworks */,
				074AB33B29F951B8008288B3 /* CSTVMatchesService in Frameworks */,
			);
			runOnlyForDeploymentPostprocessing = 0;
		};
		07DECCE329F6EF9E0023708B /* Frameworks */ = {
			isa = PBXFrameworksBuildPhase;
			buildActionMask = 2147483647;
			files = (
			);
			runOnlyForDeploymentPostprocessing = 0;
		};
/* End PBXFrameworksBuildPhase section */

/* Begin PBXGroup section */
		07645E5729FC83A500315B88 /* Fonts */ = {
			isa = PBXGroup;
			children = (
				07645E5829FC83AD00315B88 /* roboto */,
			);
			path = Fonts;
			sourceTree = "<group>";
		};
		07645E5829FC83AD00315B88 /* roboto */ = {
			isa = PBXGroup;
			children = (
				07645E5929FC83AD00315B88 /* Roboto-Medium.ttf */,
				07645E5A29FC83AD00315B88 /* Roboto-Light.ttf */,
				07645E5B29FC83AD00315B88 /* Roboto-Regular.ttf */,
				07645E5C29FC83AD00315B88 /* Roboto-MediumItalic.ttf */,
				07645E5D29FC83AD00315B88 /* Roboto-BoldCondensed.ttf */,
				07645E5E29FC83AD00315B88 /* Roboto-BoldCondensedItalic.ttf */,
				07645E5F29FC83AD00315B88 /* Roboto-Condensed.ttf */,
				07645E6029FC83AD00315B88 /* Roboto_Specimen_Book.pdf */,
				07645E6129FC83AD00315B88 /* NOTICE.txt */,
				07645E6229FC83AD00315B88 /* Roboto-ThinItalic.ttf */,
				07645E6329FC83AD00315B88 /* Roboto-BoldItalic.ttf */,
				07645E6429FC83AD00315B88 /* Roboto-LightItalic.ttf */,
				07645E6529FC83AD00315B88 /* Roboto-CondensedItalic.ttf */,
				07645E6629FC83AD00315B88 /* Roboto-Italic.ttf */,
				07645E6729FC83AD00315B88 /* Roboto-BlackItalic.ttf */,
				07645E6829FC83AD00315B88 /* Roboto-Bold.ttf */,
				07645E6929FC83AD00315B88 /* Roboto-Thin.ttf */,
				07645E6A29FC83AD00315B88 /* Roboto-Black.ttf */,
			);
			name = roboto;
			path = ../../../../../Downloads/roboto;
			sourceTree = "<group>";
		};
		07B2BCBC29F7738B00B735B2 /* Frameworks */ = {
			isa = PBXGroup;
			children = (
				0747A84129F94F730098D84B /* CSTVMatchesServiceLive */,
			);
			name = Frameworks;
			sourceTree = "<group>";
		};
		07DECCCD29F6EF9B0023708B = {
			isa = PBXGroup;
			children = (
				07DECCD829F6EF9B0023708B /* CSTV */,
				07DECCE929F6EF9E0023708B /* CSTVTests */,
				07DECCD729F6EF9B0023708B /* Products */,
				07B2BCBC29F7738B00B735B2 /* Frameworks */,
			);
			sourceTree = "<group>";
		};
		07DECCD729F6EF9B0023708B /* Products */ = {
			isa = PBXGroup;
			children = (
				07DECCD629F6EF9B0023708B /* CSTV.app */,
				07DECCE629F6EF9E0023708B /* CSTVTests.xctest */,
			);
			name = Products;
			sourceTree = "<group>";
		};
		07DECCD829F6EF9B0023708B /* CSTV */ = {
			isa = PBXGroup;
			children = (
				07645E5729FC83A500315B88 /* Fonts */,
				0712CFCC29FA5E420081D05C /* Info.plist */,
				07DECCD929F6EF9B0023708B /* CSTVApp.swift */,
				07645E5529FC0A6100315B88 /* ContentView.swift */,
				07DECCDD29F6EF9E0023708B /* Assets.xcassets */,
				07DECCDF29F6EF9E0023708B /* Preview Content */,
			);
			path = CSTV;
			sourceTree = "<group>";
		};
		07DECCDF29F6EF9E0023708B /* Preview Content */ = {
			isa = PBXGroup;
			children = (
				07DECCE029F6EF9E0023708B /* Preview Assets.xcassets */,
			);
			path = "Preview Content";
			sourceTree = "<group>";
		};
		07DECCE929F6EF9E0023708B /* CSTVTests */ = {
			isa = PBXGroup;
			children = (
				07DECCEA29F6EF9E0023708B /* CSGO_LiveMatchesTests.swift */,
			);
			path = CSTVTests;
			sourceTree = "<group>";
		};
/* End PBXGroup section */

/* Begin PBXNativeTarget section */
		07DECCD529F6EF9B0023708B /* CSTV */ = {
			isa = PBXNativeTarget;
			buildConfigurationList = 07DECCFA29F6EF9E0023708B /* Build configuration list for PBXNativeTarget "CSTV" */;
			buildPhases = (
				07DECCD229F6EF9B0023708B /* Sources */,
				07DECCD329F6EF9B0023708B /* Frameworks */,
				07DECCD429F6EF9B0023708B /* Resources */,
			);
			buildRules = (
			);
			dependencies = (
			);
			name = CSTV;
			packageProductDependencies = (
				0711C3E429F94FCB0099BD79 /* CSTVMatchesServiceLive */,
				074AB33829F951B4008288B3 /* MatchesListFeature */,
				074AB33A29F951B8008288B3 /* CSTVMatchesService */,
			);
			productName = "CSGO-LiveMatches";
			productReference = 07DECCD629F6EF9B0023708B /* CSTV.app */;
			productType = "com.apple.product-type.application";
		};
		07DECCE529F6EF9E0023708B /* CSTVTests */ = {
			isa = PBXNativeTarget;
			buildConfigurationList = 07DECCFD29F6EF9E0023708B /* Build configuration list for PBXNativeTarget "CSTVTests" */;
			buildPhases = (
				07DECCE229F6EF9E0023708B /* Sources */,
				07DECCE329F6EF9E0023708B /* Frameworks */,
				07DECCE429F6EF9E0023708B /* Resources */,
			);
			buildRules = (
			);
			dependencies = (
				07DECCE829F6EF9E0023708B /* PBXTargetDependency */,
			);
			name = CSTVTests;
			productName = "CSGO-LiveMatchesTests";
			productReference = 07DECCE629F6EF9E0023708B /* CSTVTests.xctest */;
			productType = "com.apple.product-type.bundle.unit-test";
		};
/* End PBXNativeTarget section */

/* Begin PBXProject section */
		07DECCCE29F6EF9B0023708B /* Project object */ = {
			isa = PBXProject;
			attributes = {
				BuildIndependentTargetsInParallel = 1;
				LastSwiftUpdateCheck = 1420;
				LastUpgradeCheck = 1420;
				TargetAttributes = {
					07DECCD529F6EF9B0023708B = {
						CreatedOnToolsVersion = 14.2;
					};
					07DECCE529F6EF9E0023708B = {
						CreatedOnToolsVersion = 14.2;
						TestTargetID = 07DECCD529F6EF9B0023708B;
					};
				};
			};
			buildConfigurationList = 07DECCD129F6EF9B0023708B /* Build configuration list for PBXProject "CSTV" */;
			compatibilityVersion = "Xcode 14.0";
			developmentRegion = en;
			hasScannedForEncodings = 0;
			knownRegions = (
				en,
				Base,
			);
			mainGroup = 07DECCCD29F6EF9B0023708B;
			productRefGroup = 07DECCD729F6EF9B0023708B /* Products */;
			projectDirPath = "";
			projectRoot = "";
			targets = (
				07DECCD529F6EF9B0023708B /* CSTV */,
				07DECCE529F6EF9E0023708B /* CSTVTests */,
			);
		};
/* End PBXProject section */

/* Begin PBXResourcesBuildPhase section */
		07DECCD429F6EF9B0023708B /* Resources */ = {
			isa = PBXResourcesBuildPhase;
			buildActionMask = 2147483647;
			files = (
				07645E7429FC83AD00315B88 /* Roboto-ThinItalic.ttf in Resources */,
				07645E7229FC83AD00315B88 /* Roboto_Specimen_Book.pdf in Resources */,
				07645E7929FC83AD00315B88 /* Roboto-BlackItalic.ttf in Resources */,
				07645E7629FC83AD00315B88 /* Roboto-LightItalic.ttf in Resources */,
				07DECCE129F6EF9E0023708B /* Preview Assets.xcassets in Resources */,
				07DECCDE29F6EF9E0023708B /* Assets.xcassets in Resources */,
				07645E7829FC83AD00315B88 /* Roboto-Italic.ttf in Resources */,
				07645E7C29FC83AD00315B88 /* Roboto-Black.ttf in Resources */,
				07645E7529FC83AD00315B88 /* Roboto-BoldItalic.ttf in Resources */,
				07645E7129FC83AD00315B88 /* Roboto-Condensed.ttf in Resources */,
				07645E6D29FC83AD00315B88 /* Roboto-Regular.ttf in Resources */,
				07645E6F29FC83AD00315B88 /* Roboto-BoldCondensed.ttf in Resources */,
				07645E6C29FC83AD00315B88 /* Roboto-Light.ttf in Resources */,
				07645E7729FC83AD00315B88 /* Roboto-CondensedItalic.ttf in Resources */,
				07645E6E29FC83AD00315B88 /* Roboto-MediumItalic.ttf in Resources */,
				07645E7B29FC83AD00315B88 /* Roboto-Thin.ttf in Resources */,
				07645E7A29FC83AD00315B88 /* Roboto-Bold.ttf in Resources */,
				07645E7029FC83AD00315B88 /* Roboto-BoldCondensedItalic.ttf in Resources */,
				07645E6B29FC83AD00315B88 /* Roboto-Medium.ttf in Resources */,
				07645E7329FC83AD00315B88 /* NOTICE.txt in Resources */,
			);
			runOnlyForDeploymentPostprocessing = 0;
		};
		07DECCE429F6EF9E0023708B /* Resources */ = {
			isa = PBXResourcesBuildPhase;
			buildActionMask = 2147483647;
			files = (
			);
			runOnlyForDeploymentPostprocessing = 0;
		};
/* End PBXResourcesBuildPhase section */

/* Begin PBXSourcesBuildPhase section */
		07DECCD229F6EF9B0023708B /* Sources */ = {
			isa = PBXSourcesBuildPhase;
			buildActionMask = 2147483647;
			files = (
				07645E5629FC0A6100315B88 /* ContentView.swift in Sources */,
				07DECCDA29F6EF9B0023708B /* CSTVApp.swift in Sources */,
			);
			runOnlyForDeploymentPostprocessing = 0;
		};
		07DECCE229F6EF9E0023708B /* Sources */ = {
			isa = PBXSourcesBuildPhase;
			buildActionMask = 2147483647;
			files = (
				07DECCEB29F6EF9E0023708B /* CSGO_LiveMatchesTests.swift in Sources */,
			);
			runOnlyForDeploymentPostprocessing = 0;
		};
/* End PBXSourcesBuildPhase section */

/* Begin PBXTargetDependency section */
		07DECCE829F6EF9E0023708B /* PBXTargetDependency */ = {
			isa = PBXTargetDependency;
			target = 07DECCD529F6EF9B0023708B /* CSTV */;
			targetProxy = 07DECCE729F6EF9E0023708B /* PBXContainerItemProxy */;
		};
/* End PBXTargetDependency section */

/* Begin XCBuildConfiguration section */
		07DECCF829F6EF9E0023708B /* Debug */ = {
			isa = XCBuildConfiguration;
			buildSettings = {
				ALWAYS_SEARCH_USER_PATHS = NO;
				CLANG_ANALYZER_NONNULL = YES;
				CLANG_ANALYZER_NUMBER_OBJECT_CONVERSION = YES_AGGRESSIVE;
				CLANG_CXX_LANGUAGE_STANDARD = "gnu++20";
				CLANG_ENABLE_MODULES = YES;
				CLANG_ENABLE_OBJC_ARC = YES;
				CLANG_ENABLE_OBJC_WEAK = YES;
				CLANG_WARN_BLOCK_CAPTURE_AUTORELEASING = YES;
				CLANG_WARN_BOOL_CONVERSION = YES;
				CLANG_WARN_COMMA = YES;
				CLANG_WARN_CONSTANT_CONVERSION = YES;
				CLANG_WARN_DEPRECATED_OBJC_IMPLEMENTATIONS = YES;
				CLANG_WARN_DIRECT_OBJC_ISA_USAGE = YES_ERROR;
				CLANG_WARN_DOCUMENTATION_COMMENTS = YES;
				CLANG_WARN_EMPTY_BODY = YES;
				CLANG_WARN_ENUM_CONVERSION = YES;
				CLANG_WARN_INFINITE_RECURSION = YES;
				CLANG_WARN_INT_CONVERSION = YES;
				CLANG_WARN_NON_LITERAL_NULL_CONVERSION = YES;
				CLANG_WARN_OBJC_IMPLICIT_RETAIN_SELF = YES;
				CLANG_WARN_OBJC_LITERAL_CONVERSION = YES;
				CLANG_WARN_OBJC_ROOT_CLASS = YES_ERROR;
				CLANG_WARN_QUOTED_INCLUDE_IN_FRAMEWORK_HEADER = YES;
				CLANG_WARN_RANGE_LOOP_ANALYSIS = YES;
				CLANG_WARN_STRICT_PROTOTYPES = YES;
				CLANG_WARN_SUSPICIOUS_MOVE = YES;
				CLANG_WARN_UNGUARDED_AVAILABILITY = YES_AGGRESSIVE;
				CLANG_WARN_UNREACHABLE_CODE = YES;
				CLANG_WARN__DUPLICATE_METHOD_MATCH = YES;
				COPY_PHASE_STRIP = NO;
				DEBUG_INFORMATION_FORMAT = dwarf;
				ENABLE_STRICT_OBJC_MSGSEND = YES;
				ENABLE_TESTABILITY = YES;
				GCC_C_LANGUAGE_STANDARD = gnu11;
				GCC_DYNAMIC_NO_PIC = NO;
				GCC_NO_COMMON_BLOCKS = YES;
				GCC_OPTIMIZATION_LEVEL = 0;
				GCC_PREPROCESSOR_DEFINITIONS = (
					"DEBUG=1",
					"$(inherited)",
				);
				GCC_WARN_64_TO_32_BIT_CONVERSION = YES;
				GCC_WARN_ABOUT_RETURN_TYPE = YES_ERROR;
				GCC_WARN_UNDECLARED_SELECTOR = YES;
				GCC_WARN_UNINITIALIZED_AUTOS = YES_AGGRESSIVE;
				GCC_WARN_UNUSED_FUNCTION = YES;
				GCC_WARN_UNUSED_VARIABLE = YES;
				IPHONEOS_DEPLOYMENT_TARGET = 16.2;
				MTL_ENABLE_DEBUG_INFO = INCLUDE_SOURCE;
				MTL_FAST_MATH = YES;
				ONLY_ACTIVE_ARCH = YES;
				SDKROOT = iphoneos;
				SWIFT_ACTIVE_COMPILATION_CONDITIONS = DEBUG;
				SWIFT_OPTIMIZATION_LEVEL = "-Onone";
			};
			name = Debug;
		};
		07DECCF929F6EF9E0023708B /* Release */ = {
			isa = XCBuildConfiguration;
			buildSettings = {
				ALWAYS_SEARCH_USER_PATHS = NO;
				CLANG_ANALYZER_NONNULL = YES;
				CLANG_ANALYZER_NUMBER_OBJECT_CONVERSION = YES_AGGRESSIVE;
				CLANG_CXX_LANGUAGE_STANDARD = "gnu++20";
				CLANG_ENABLE_MODULES = YES;
				CLANG_ENABLE_OBJC_ARC = YES;
				CLANG_ENABLE_OBJC_WEAK = YES;
				CLANG_WARN_BLOCK_CAPTURE_AUTORELEASING = YES;
				CLANG_WARN_BOOL_CONVERSION = YES;
				CLANG_WARN_COMMA = YES;
				CLANG_WARN_CONSTANT_CONVERSION = YES;
				CLANG_WARN_DEPRECATED_OBJC_IMPLEMENTATIONS = YES;
				CLANG_WARN_DIRECT_OBJC_ISA_USAGE = YES_ERROR;
				CLANG_WARN_DOCUMENTATION_COMMENTS = YES;
				CLANG_WARN_EMPTY_BODY = YES;
				CLANG_WARN_ENUM_CONVERSION = YES;
				CLANG_WARN_INFINITE_RECURSION = YES;
				CLANG_WARN_INT_CONVERSION = YES;
				CLANG_WARN_NON_LITERAL_NULL_CONVERSION = YES;
				CLANG_WARN_OBJC_IMPLICIT_RETAIN_SELF = YES;
				CLANG_WARN_OBJC_LITERAL_CONVERSION = YES;
				CLANG_WARN_OBJC_ROOT_CLASS = YES_ERROR;
				CLANG_WARN_QUOTED_INCLUDE_IN_FRAMEWORK_HEADER = YES;
				CLANG_WARN_RANGE_LOOP_ANALYSIS = YES;
				CLANG_WARN_STRICT_PROTOTYPES = YES;
				CLANG_WARN_SUSPICIOUS_MOVE = YES;
				CLANG_WARN_UNGUARDED_AVAILABILITY = YES_AGGRESSIVE;
				CLANG_WARN_UNREACHABLE_CODE = YES;
				CLANG_WARN__DUPLICATE_METHOD_MATCH = YES;
				COPY_PHASE_STRIP = NO;
				DEBUG_INFORMATION_FORMAT = "dwarf-with-dsym";
				ENABLE_NS_ASSERTIONS = NO;
				ENABLE_STRICT_OBJC_MSGSEND = YES;
				GCC_C_LANGUAGE_STANDARD = gnu11;
				GCC_NO_COMMON_BLOCKS = YES;
				GCC_WARN_64_TO_32_BIT_CONVERSION = YES;
				GCC_WARN_ABOUT_RETURN_TYPE = YES_ERROR;
				GCC_WARN_UNDECLARED_SELECTOR = YES;
				GCC_WARN_UNINITIALIZED_AUTOS = YES_AGGRESSIVE;
				GCC_WARN_UNUSED_FUNCTION = YES;
				GCC_WARN_UNUSED_VARIABLE = YES;
				IPHONEOS_DEPLOYMENT_TARGET = 16.2;
				MTL_ENABLE_DEBUG_INFO = NO;
				MTL_FAST_MATH = YES;
				SDKROOT = iphoneos;
				SWIFT_COMPILATION_MODE = wholemodule;
				SWIFT_OPTIMIZATION_LEVEL = "-O";
				VALIDATE_PRODUCT = YES;
			};
			name = Release;
		};
		07DECCFB29F6EF9E0023708B /* Debug */ = {
			isa = XCBuildConfiguration;
			buildSettings = {
				ASSETCATALOG_COMPILER_APPICON_NAME = AppIcon;
				ASSETCATALOG_COMPILER_GLOBAL_ACCENT_COLOR_NAME = AccentColor;
				CODE_SIGN_STYLE = Automatic;
				CURRENT_PROJECT_VERSION = 1;
				DEVELOPMENT_ASSET_PATHS = "\"CSTV/Preview Content\"";
				DEVELOPMENT_TEAM = F9DP8D3V7J;
				ENABLE_PREVIEWS = YES;
				GENERATE_INFOPLIST_FILE = YES;
				INFOPLIST_FILE = CSTV/info.plist;
				INFOPLIST_KEY_UIApplicationSceneManifest_Generation = YES;
				INFOPLIST_KEY_UIApplicationSupportsIndirectInputEvents = YES;
				INFOPLIST_KEY_UISupportedInterfaceOrientations = UIInterfaceOrientationPortrait;
				LD_RUNPATH_SEARCH_PATHS = (
					"$(inherited)",
					"@executable_path/Frameworks",
				);
				MARKETING_VERSION = 1.0;
				PRODUCT_BUNDLE_IDENTIFIER = com.PedroVargas.CSTV;
				PRODUCT_NAME = "$(TARGET_NAME)";
				SWIFT_EMIT_LOC_STRINGS = YES;
				SWIFT_VERSION = 5.0;
				TARGETED_DEVICE_FAMILY = "1,2";
			};
			name = Debug;
		};
		07DECCFC29F6EF9E0023708B /* Release */ = {
			isa = XCBuildConfiguration;
			buildSettings = {
				ASSETCATALOG_COMPILER_APPICON_NAME = AppIcon;
				ASSETCATALOG_COMPILER_GLOBAL_ACCENT_COLOR_NAME = AccentColor;
				CODE_SIGN_STYLE = Automatic;
				CURRENT_PROJECT_VERSION = 1;
				DEVELOPMENT_ASSET_PATHS = "\"CSTV/Preview Content\"";
				DEVELOPMENT_TEAM = F9DP8D3V7J;
				ENABLE_PREVIEWS = YES;
				GENERATE_INFOPLIST_FILE = YES;
				INFOPLIST_FILE = CSTV/info.plist;
				INFOPLIST_KEY_UIApplicationSceneManifest_Generation = YES;
				INFOPLIST_KEY_UIApplicationSupportsIndirectInputEvents = YES;
				INFOPLIST_KEY_UISupportedInterfaceOrientations = UIInterfaceOrientationPortrait;
				LD_RUNPATH_SEARCH_PATHS = (
					"$(inherited)",
					"@executable_path/Frameworks",
				);
				MARKETING_VERSION = 1.0;
				PRODUCT_BUNDLE_IDENTIFIER = com.PedroVargas.CSTV;
				PRODUCT_NAME = "$(TARGET_NAME)";
				SWIFT_EMIT_LOC_STRINGS = YES;
				SWIFT_VERSION = 5.0;
				TARGETED_DEVICE_FAMILY = "1,2";
			};
			name = Release;
		};
		07DECCFE29F6EF9E0023708B /* Debug */ = {
			isa = XCBuildConfiguration;
			buildSettings = {
				ALWAYS_EMBED_SWIFT_STANDARD_LIBRARIES = YES;
				BUNDLE_LOADER = "$(TEST_HOST)";
				CODE_SIGN_STYLE = Automatic;
				CURRENT_PROJECT_VERSION = 1;
				DEVELOPMENT_TEAM = F9DP8D3V7J;
				GENERATE_INFOPLIST_FILE = YES;
				IPHONEOS_DEPLOYMENT_TARGET = 16.2;
				MARKETING_VERSION = 1.0;
				PRODUCT_BUNDLE_IDENTIFIER = com.PedroVargas.CSTVTests;
				PRODUCT_NAME = "$(TARGET_NAME)";
				SWIFT_EMIT_LOC_STRINGS = NO;
				SWIFT_VERSION = 5.0;
				TARGETED_DEVICE_FAMILY = "1,2";
				TEST_HOST = "$(BUILT_PRODUCTS_DIR)/CSTV.app/$(BUNDLE_EXECUTABLE_FOLDER_PATH)/CSTV";
			};
			name = Debug;
		};
		07DECCFF29F6EF9E0023708B /* Release */ = {
			isa = XCBuildConfiguration;
			buildSettings = {
				ALWAYS_EMBED_SWIFT_STANDARD_LIBRARIES = YES;
				BUNDLE_LOADER = "$(TEST_HOST)";
				CODE_SIGN_STYLE = Automatic;
				CURRENT_PROJECT_VERSION = 1;
				DEVELOPMENT_TEAM = F9DP8D3V7J;
				GENERATE_INFOPLIST_FILE = YES;
				IPHONEOS_DEPLOYMENT_TARGET = 16.2;
				MARKETING_VERSION = 1.0;
				PRODUCT_BUNDLE_IDENTIFIER = com.PedroVargas.CSTVTests;
				PRODUCT_NAME = "$(TARGET_NAME)";
				SWIFT_EMIT_LOC_STRINGS = NO;
				SWIFT_VERSION = 5.0;
				TARGETED_DEVICE_FAMILY = "1,2";
				TEST_HOST = "$(BUILT_PRODUCTS_DIR)/CSTV.app/$(BUNDLE_EXECUTABLE_FOLDER_PATH)/CSTV";
			};
			name = Release;
		};
/* End XCBuildConfiguration section */

/* Begin XCConfigurationList section */
		07DECCD129F6EF9B0023708B /* Build configuration list for PBXProject "CSTV" */ = {
			isa = XCConfigurationList;
			buildConfigurations = (
				07DECCF829F6EF9E0023708B /* Debug */,
				07DECCF929F6EF9E0023708B /* Release */,
			);
			defaultConfigurationIsVisible = 0;
			defaultConfigurationName = Release;
		};
		07DECCFA29F6EF9E0023708B /* Build configuration list for PBXNativeTarget "CSTV" */ = {
			isa = XCConfigurationList;
			buildConfigurations = (
				07DECCFB29F6EF9E0023708B /* Debug */,
				07DECCFC29F6EF9E0023708B /* Release */,
			);
			defaultConfigurationIsVisible = 0;
			defaultConfigurationName = Release;
		};
		07DECCFD29F6EF9E0023708B /* Build configuration list for PBXNativeTarget "CSTVTests" */ = {
			isa = XCConfigurationList;
			buildConfigurations = (
				07DECCFE29F6EF9E0023708B /* Debug */,
				07DECCFF29F6EF9E0023708B /* Release */,
			);
			defaultConfigurationIsVisible = 0;
			defaultConfigurationName = Release;
		};
/* End XCConfigurationList section */

/* Begin XCSwiftPackageProductDependency section */
		0711C3E429F94FCB0099BD79 /* CSTVMatchesServiceLive */ = {
			isa = XCSwiftPackageProductDependency;
			productName = CSTVMatchesServiceLive;
		};
		074AB33829F951B4008288B3 /* MatchesListFeature */ = {
			isa = XCSwiftPackageProductDependency;
			productName = MatchesListFeature;
		};
		074AB33A29F951B8008288B3 /* CSTVMatchesService */ = {
			isa = XCSwiftPackageProductDependency;
			productName = CSTVMatchesService;
		};
/* End XCSwiftPackageProductDependency section */
	};
	rootObject = 07DECCCE29F6EF9B0023708B /* Project object */;
}
